// !$*UTF8*$!
{
	archiveVersion = 1;
	classes = {
	};
	objectVersion = 46;
	objects = {

/* Begin PBXBuildFile section */
		AC719D99230FC54E00FCB0DE /* SingleUpViewController.swift in Sources */ = {isa = PBXBuildFile; fileRef = AC719D98230FC54E00FCB0DE /* SingleUpViewController.swift */; };
		ACD2BCBF230F200B000B2F39 /* AppDelegate.swift in Sources */ = {isa = PBXBuildFile; fileRef = ACD2BCBE230F200B000B2F39 /* AppDelegate.swift */; };
		ACD2BCC6230F200B000B2F39 /* Assets.xcassets in Resources */ = {isa = PBXBuildFile; fileRef = ACD2BCC5230F200B000B2F39 /* Assets.xcassets */; };
		ACD2BCC9230F200B000B2F39 /* LaunchScreen.storyboard in Resources */ = {isa = PBXBuildFile; fileRef = ACD2BCC7230F200B000B2F39 /* LaunchScreen.storyboard */; };
		ACD2BCD9230F27B3000B2F39 /* Main.storyboard in Resources */ = {isa = PBXBuildFile; fileRef = ACD2BCD8230F27B3000B2F39 /* Main.storyboard */; };
		ACD2BCDB230F3615000B2F39 /* SingleViewController.swift in Sources */ = {isa = PBXBuildFile; fileRef = ACD2BCDA230F3615000B2F39 /* SingleViewController.swift */; };
/* End PBXBuildFile section */

/* Begin PBXFileReference section */
		AC719D98230FC54E00FCB0DE /* SingleUpViewController.swift */ = {isa = PBXFileReference; fileEncoding = 4; lastKnownFileType = sourcecode.swift; path = SingleUpViewController.swift; sourceTree = "<group>"; };
		ACD2BCBB230F200B000B2F39 /* InstagramCHT.app */ = {isa = PBXFileReference; explicitFileType = wrapper.application; includeInIndex = 0; path = InstagramCHT.app; sourceTree = BUILT_PRODUCTS_DIR; };
		ACD2BCBE230F200B000B2F39 /* AppDelegate.swift */ = {isa = PBXFileReference; lastKnownFileType = sourcecode.swift; path = AppDelegate.swift; sourceTree = "<group>"; };
		ACD2BCC5230F200B000B2F39 /* Assets.xcassets */ = {isa = PBXFileReference; lastKnownFileType = folder.assetcatalog; path = Assets.xcassets; sourceTree = "<group>"; };
		ACD2BCC8230F200B000B2F39 /* Base */ = {isa = PBXFileReference; lastKnownFileType = file.storyboard; name = Base; path = Base.lproj/LaunchScreen.storyboard; sourceTree = "<group>"; };
		ACD2BCCA230F200B000B2F39 /* Info.plist */ = {isa = PBXFileReference; lastKnownFileType = text.plist.xml; path = Info.plist; sourceTree = "<group>"; };
		ACD2BCD8230F27B3000B2F39 /* Main.storyboard */ = {isa = PBXFileReference; fileEncoding = 4; lastKnownFileType = file.storyboard; path = Main.storyboard; sourceTree = "<group>"; };
		ACD2BCDA230F3615000B2F39 /* SingleViewController.swift */ = {isa = PBXFileReference; fileEncoding = 4; lastKnownFileType = sourcecode.swift; path = SingleViewController.swift; sourceTree = "<group>"; };
/* End PBXFileReference section */

/* Begin PBXFrameworksBuildPhase section */
		ACD2BCB8230F200A000B2F39 /* Frameworks */ = {
			isa = PBXFrameworksBuildPhase;
			buildActionMask = 2147483647;
			files = (
			);
			runOnlyForDeploymentPostprocessing = 0;
		};
/* End PBXFrameworksBuildPhase section */

/* Begin PBXGroup section */
		ACD2BCB2230F2009000B2F39 = {
			isa = PBXGroup;
			children = (
				ACD2BCBD230F200B000B2F39 /* InstagramCHT */,
				ACD2BCBC230F200B000B2F39 /* Products */,
			);
			sourceTree = "<group>";
		};
		ACD2BCBC230F200B000B2F39 /* Products */ = {
			isa = PBXGroup;
			children = (
				ACD2BCBB230F200B000B2F39 /* InstagramCHT.app */,
			);
			name = Products;
			sourceTree = "<group>";
		};
		ACD2BCBD230F200B000B2F39 /* InstagramCHT */ = {
			isa = PBXGroup;
			children = (
				ACD2BCBE230F200B000B2F39 /* AppDelegate.swift */,
				ACD2BCDA230F3615000B2F39 /* SingleViewController.swift */,
				ACD2BCD8230F27B3000B2F39 /* Main.storyboard */,
				AC719D98230FC54E00FCB0DE /* SingleUpViewController.swift */,
				ACD2BCC5230F200B000B2F39 /* Assets.xcassets */,
				ACD2BCC7230F200B000B2F39 /* LaunchScreen.storyboard */,
				ACD2BCCA230F200B000B2F39 /* Info.plist */,
			);
			path = InstagramCHT;
			sourceTree = "<group>";
		};
/* End PBXGroup section */

/* Begin PBXNativeTarget section */
		ACD2BCBA230F200A000B2F39 /* InstagramCHT */ = {
			isa = PBXNativeTarget;
			buildConfigurationList = ACD2BCCD230F200B000B2F39 /* Build configuration list for PBXNativeTarget "InstagramCHT" */;
			buildPhases = (
				ACD2BCB7230F200A000B2F39 /* Sources */,
				ACD2BCB8230F200A000B2F39 /* Frameworks */,
				ACD2BCB9230F200A000B2F39 /* Resources */,
			);
			buildRules = (
			);
			dependencies = (
			);
			name = InstagramCHT;
			productName = InstagramCHT;
			productReference = ACD2BCBB230F200B000B2F39 /* InstagramCHT.app */;
			productType = "com.apple.product-type.application";
		};
/* End PBXNativeTarget section */

/* Begin PBXProject section */
		ACD2BCB3230F2009000B2F39 /* Project object */ = {
			isa = PBXProject;
			attributes = {
				LastSwiftUpdateCheck = 0830;
				LastUpgradeCheck = 0830;
				ORGANIZATIONNAME = DanKravchook;
				TargetAttributes = {
					ACD2BCBA230F200A000B2F39 = {
						CreatedOnToolsVersion = 8.3.3;
						DevelopmentTeam = 5TV335X6U8;
						ProvisioningStyle = Automatic;
					};
				};
			};
			buildConfigurationList = ACD2BCB6230F2009000B2F39 /* Build configuration list for PBXProject "InstagramCHT" */;
			compatibilityVersion = "Xcode 3.2";
			developmentRegion = English;
			hasScannedForEncodings = 0;
			knownRegions = (
				en,
				Base,
			);
			mainGroup = ACD2BCB2230F2009000B2F39;
			productRefGroup = ACD2BCBC230F200B000B2F39 /* Products */;
			projectDirPath = "";
			projectRoot = "";
			targets = (
				ACD2BCBA230F200A000B2F39 /* InstagramCHT */,
			);
		};
/* End PBXProject section */

/* Begin PBXResourcesBuildPhase section */
		ACD2BCB9230F200A000B2F39 /* Resources */ = {
			isa = PBXResourcesBuildPhase;
			buildActionMask = 2147483647;
			files = (
				ACD2BCD9230F27B3000B2F39 /* Main.storyboard in Resources */,
				ACD2BCC9230F200B000B2F39 /* LaunchScreen.storyboard in Resources */,
				ACD2BCC6230F200B000B2F39 /* Assets.xcassets in Resources */,
			);
			runOnlyForDeploymentPostprocessing = 0;
		};
/* End PBXResourcesBuildPhase section */

/* Begin PBXSourcesBuildPhase section */
		ACD2BCB7230F200A000B2F39 /* Sources */ = {
			isa = PBXSourcesBuildPhase;
			buildActionMask = 2147483647;
			files = (
				ACD2BCDB230F3615000B2F39 /* SingleViewController.swift in Sources */,
				AC719D99230FC54E00FCB0DE /* SingleUpViewController.swift in Sources */,
				ACD2BCBF230F200B000B2F39 /* AppDelegate.swift in Sources */,
			);
			runOnlyForDeploymentPostprocessing = 0;
		};
/* End PBXSourcesBuildPhase section */

/* Begin PBXVariantGroup section */
		ACD2BCC7230F200B000B2F39 /* LaunchScreen.storyboard */ = {
			isa = PBXVariantGroup;
			children = (
				ACD2BCC8230F200B000B2F39 /* Base */,
			);
			name = LaunchScreen.storyboard;
			sourceTree = "<group>";
		};
/* End PBXVariantGroup section */

/* Begin XCBuildConfiguration section */
		ACD2BCCB230F200B000B2F39 /* Debug */ = {
			isa = XCBuildConfiguration;
			buildSettings = {
				ALWAYS_SEARCH_USER_PATHS = NO;
				CLANG_ANALYZER_NONNULL = YES;
				CLANG_ANALYZER_NUMBER_OBJECT_CONVERSION = YES_AGGRESSIVE;
				CLANG_CXX_LANGUAGE_STANDARD = "gnu++0x";
				CLANG_CXX_LIBRARY = "libc++";
				CLANG_ENABLE_MODULES = YES;
				CLANG_ENABLE_OBJC_ARC = YES;
				CLANG_WARN_BOOL_CONVERSION = YES;
				CLANG_WARN_CONSTANT_CONVERSION = YES;
				CLANG_WARN_DIRECT_OBJC_ISA_USAGE = YES_ERROR;
				CLANG_WARN_DOCUMENTATION_COMMENTS = YES;
				CLANG_WARN_EMPTY_BODY = YES;
				CLANG_WARN_ENUM_CONVERSION = YES;
				CLANG_WARN_INFINITE_RECURSION = YES;
				CLANG_WARN_INT_CONVERSION = YES;
				CLANG_WARN_OBJC_ROOT_CLASS = YES_ERROR;
				CLANG_WARN_SUSPICIOUS_MOVE = YES;
				CLANG_WARN_UNREACHABLE_CODE = YES;
				CLANG_WARN__DUPLICATE_METHOD_MATCH = YES;
				"CODE_SIGN_IDENTITY[sdk=iphoneos*]" = "iPhone Developer";
				COPY_PHASE_STRIP = NO;
				DEBUG_INFORMATION_FORMAT = dwarf;
				ENABLE_STRICT_OBJC_MSGSEND = YES;
				ENABLE_TESTABILITY = YES;
				GCC_C_LANGUAGE_STANDARD = gnu99;
				GCC_DYNAMIC_NO_PIC = NO;
				GCC_NO_COMMON_BLOCKS = YES;
				GCC_OPTIMIZATION_LEVEL = 0;
				GCC_PREPROCESSOR_DEFINITIONS = (
					"DEBUG=1",
					"$(inherited)",
				);
				GCC_WARN_64_TO_32_BIT_CONVERSION = YES;
				GCC_WARN_ABOUT_RETURN_TYPE = YES_ERROR;
				GCC_WARN_UNDECLARED_SELECTOR = YES;
				GCC_WARN_UNINITIALIZED_AUTOS = YES_AGGRESSIVE;
				GCC_WARN_UNUSED_FUNCTION = YES;
				GCC_WARN_UNUSED_VARIABLE = YES;
				IPHONEOS_DEPLOYMENT_TARGET = 10.3;
				MTL_ENABLE_DEBUG_INFO = YES;
				ONLY_ACTIVE_ARCH = YES;
				SDKROOT = iphoneos;
				SWIFT_ACTIVE_COMPILATION_CONDITIONS = DEBUG;
				SWIFT_OPTIMIZATION_LEVEL = "-Onone";
			};
			name = Debug;
		};
		ACD2BCCC230F200B000B2F39 /* Release */ = {
			isa = XCBuildConfiguration;
			buildSettings = {
				ALWAYS_SEARCH_USER_PATHS = NO;
				CLANG_ANALYZER_NONNULL = YES;
				CLANG_ANALYZER_NUMBER_OBJECT_CONVERSION = YES_AGGRESSIVE;
				CLANG_CXX_LANGUAGE_STANDARD = "gnu++0x";
				CLANG_CXX_LIBRARY = "libc++";
				CLANG_ENABLE_MODULES = YES;
				CLANG_ENABLE_OBJC_ARC = YES;
				CLANG_WARN_BOOL_CONVERSION = YES;
				CLANG_WARN_CONSTANT_CONVERSION = YES;
				CLANG_WARN_DIRECT_OBJC_ISA_USAGE = YES_ERROR;
				CLANG_WARN_DOCUMENTATION_COMMENTS = YES;
				CLANG_WARN_EMPTY_BODY = YES;
				CLANG_WARN_ENUM_CONVERSION = YES;
				CLANG_WARN_INFINITE_RECURSION = YES;
				CLANG_WARN_INT_CONVERSION = YES;
				CLANG_WARN_OBJC_ROOT_CLASS = YES_ERROR;
				CLANG_WARN_SUSPICIOUS_MOVE = YES;
				CLANG_WARN_UNREACHABLE_CODE = YES;
				CLANG_WARN__DUPLICATE_METHOD_MATCH = YES;
				"CODE_SIGN_IDENTITY[sdk=iphoneos*]" = "iPhone Developer";
				COPY_PHASE_STRIP = NO;
				DEBUG_INFORMATION_FORMAT = "dwarf-with-dsym";
				ENABLE_NS_ASSERTIONS = NO;
				ENABLE_STRICT_OBJC_MSGSEND = YES;
				GCC_C_LANGUAGE_STANDARD = gnu99;
				GCC_NO_COMMON_BLOCKS = YES;
				GCC_WARN_64_TO_32_BIT_CONVERSION = YES;
				GCC_WARN_ABOUT_RETURN_TYPE = YES_ERROR;
				GCC_WARN_UNDECLARED_SELECTOR = YES;
				GCC_WARN_UNINITIALIZED_AUTOS = YES_AGGRESSIVE;
				GCC_WARN_UNUSED_FUNCTION = YES;
				GCC_WARN_UNUSED_VARIABLE = YES;
				IPHONEOS_DEPLOYMENT_TARGET = 10.3;
				MTL_ENABLE_DEBUG_INFO = NO;
				SDKROOT = iphoneos;
				SWIFT_OPTIMIZATION_LEVEL = "-Owholemodule";
				VALIDATE_PRODUCT = YES;
			};
			name = Release;
		};
		ACD2BCCE230F200B000B2F39 /* Debug */ = {
			isa = XCBuildConfiguration;
			buildSettings = {
				ASSETCATALOG_COMPILER_APPICON_NAME = AppIcon;
				DEVELOPMENT_TEAM = 5TV335X6U8;
				INFOPLIST_FILE = InstagramCHT/Info.plist;
				LD_RUNPATH_SEARCH_PATHS = "$(inherited) @executable_path/Frameworks";
				PRODUCT_BUNDLE_IDENTIFIER = com.testcht.InstagramCHT;
				PRODUCT_NAME = "$(TARGET_NAME)";
				SWIFT_VERSION = 3.0;
			};
			name = Debug;
		};
		ACD2BCCF230F200B000B2F39 /* Release */ = {
			isa = XCBuildConfiguration;
			buildSettings = {
				ASSETCATALOG_COMPILER_APPICON_NAME = AppIcon;
				DEVELOPMENT_TEAM = 5TV335X6U8;
				INFOPLIST_FILE = InstagramCHT/Info.plist;
				LD_RUNPATH_SEARCH_PATHS = "$(inherited) @executable_path/Frameworks";
				PRODUCT_BUNDLE_IDENTIFIER = com.testcht.InstagramCHT;
				PRODUCT_NAME = "$(TARGET_NAME)";
				SWIFT_VERSION = 3.0;
			};
			name = Release;
		};
/* End XCBuildConfiguration section */

/* Begin XCConfigurationList section */
		ACD2BCB6230F2009000B2F39 /* Build configuration list for PBXProject "InstagramCHT" */ = {
			isa = XCConfigurationList;
			buildConfigurations = (
				ACD2BCCB230F200B000B2F39 /* Debug */,
				ACD2BCCC230F200B000B2F39 /* Release */,
			);
			defaultConfigurationIsVisible = 0;
			defaultConfigurationName = Release;
		};
		ACD2BCCD230F200B000B2F39 /* Build configuration list for PBXNativeTarget "InstagramCHT" */ = {
			isa = XCConfigurationList;
			buildConfigurations = (
				ACD2BCCE230F200B000B2F39 /* Debug */,
				ACD2BCCF230F200B000B2F39 /* Release */,
			);
			defaultConfigurationIsVisible = 0;
			defaultConfigurationName = Release;
		};
/* End XCConfigurationList section */
	};
	rootObject = ACD2BCB3230F2009000B2F39 /* Project object */;
}
