// !$*UTF8*$!
{
	archiveVersion = 1;
	classes = {
	};
	objectVersion = 46;
	objects = {

/* Begin PBXBuildFile section */
		A0D557967D4BA7D556AA8A64 /* Pods_InstagramCHT.framework in Frameworks */ = {isa = PBXBuildFile; fileRef = 8BEE03A46B5BE08F7A9F6BA4 /* Pods_InstagramCHT.framework */; };
		AC317ACE2312BE2800EB5092 /* AuthService.swift in Sources */ = {isa = PBXBuildFile; fileRef = AC317ACD2312BE2800EB5092 /* AuthService.swift */; };
		AC317AD02312D9F700EB5092 /* Config.swift in Sources */ = {isa = PBXBuildFile; fileRef = AC317ACF2312D9F700EB5092 /* Config.swift */; };
		AC317AD52312E16E00EB5092 /* ProgressHUD.m in Sources */ = {isa = PBXBuildFile; fileRef = AC317AD22312E16A00EB5092 /* ProgressHUD.m */; };
		AC317AD62312E16E00EB5092 /* ProgressHUD.bundle in Resources */ = {isa = PBXBuildFile; fileRef = AC317AD42312E16B00EB5092 /* ProgressHUD.bundle */; };
		AC719D99230FC54E00FCB0DE /* SingleUpViewController.swift in Sources */ = {isa = PBXBuildFile; fileRef = AC719D98230FC54E00FCB0DE /* SingleUpViewController.swift */; };
		AC719D9D230FE56E00FCB0DE /* HomeViewController.swift in Sources */ = {isa = PBXBuildFile; fileRef = AC719D9C230FE56D00FCB0DE /* HomeViewController.swift */; };
		AC719D9F230FE5F300FCB0DE /* DiscoverViewController.swift in Sources */ = {isa = PBXBuildFile; fileRef = AC719D9E230FE5F300FCB0DE /* DiscoverViewController.swift */; };
		AC719DA1230FE62B00FCB0DE /* CameraViewController.swift in Sources */ = {isa = PBXBuildFile; fileRef = AC719DA0230FE62B00FCB0DE /* CameraViewController.swift */; };
		AC719DA3230FE66800FCB0DE /* ActivityViewController.swift in Sources */ = {isa = PBXBuildFile; fileRef = AC719DA2230FE66800FCB0DE /* ActivityViewController.swift */; };
		AC719DA5230FE6AC00FCB0DE /* ProfileViewController.swift in Sources */ = {isa = PBXBuildFile; fileRef = AC719DA4230FE6AC00FCB0DE /* ProfileViewController.swift */; };
		AC719DA7230FF88F00FCB0DE /* Main.storyboard in Resources */ = {isa = PBXBuildFile; fileRef = AC719DA6230FF88F00FCB0DE /* Main.storyboard */; };
		AC719DAB2310032400FCB0DE /* Home.storyboard in Resources */ = {isa = PBXBuildFile; fileRef = AC719DAA2310032400FCB0DE /* Home.storyboard */; };
		AC719DB523102AED00FCB0DE /* GoogleService-Info.plist in Resources */ = {isa = PBXBuildFile; fileRef = AC719DB423102AED00FCB0DE /* GoogleService-Info.plist */; };
		AC98185F23152C4D000A9EFC /* Post.swift in Sources */ = {isa = PBXBuildFile; fileRef = AC98185E23152C4D000A9EFC /* Post.swift */; };
		ACD2BCBF230F200B000B2F39 /* AppDelegate.swift in Sources */ = {isa = PBXBuildFile; fileRef = ACD2BCBE230F200B000B2F39 /* AppDelegate.swift */; };
		ACD2BCC6230F200B000B2F39 /* Assets.xcassets in Resources */ = {isa = PBXBuildFile; fileRef = ACD2BCC5230F200B000B2F39 /* Assets.xcassets */; };
		ACD2BCC9230F200B000B2F39 /* LaunchScreen.storyboard in Resources */ = {isa = PBXBuildFile; fileRef = ACD2BCC7230F200B000B2F39 /* LaunchScreen.storyboard */; };
		ACD2BCD9230F27B3000B2F39 /* Start.storyboard in Resources */ = {isa = PBXBuildFile; fileRef = ACD2BCD8230F27B3000B2F39 /* Start.storyboard */; };
		ACD2BCDB230F3615000B2F39 /* SingleViewController.swift in Sources */ = {isa = PBXBuildFile; fileRef = ACD2BCDA230F3615000B2F39 /* SingleViewController.swift */; };
/* End PBXBuildFile section */

/* Begin PBXFileReference section */
		8BEE03A46B5BE08F7A9F6BA4 /* Pods_InstagramCHT.framework */ = {isa = PBXFileReference; explicitFileType = wrapper.framework; includeInIndex = 0; path = Pods_InstagramCHT.framework; sourceTree = BUILT_PRODUCTS_DIR; };
		AC317ACD2312BE2800EB5092 /* AuthService.swift */ = {isa = PBXFileReference; lastKnownFileType = sourcecode.swift; path = AuthService.swift; sourceTree = "<group>"; };
		AC317ACF2312D9F700EB5092 /* Config.swift */ = {isa = PBXFileReference; lastKnownFileType = sourcecode.swift; path = Config.swift; sourceTree = "<group>"; };
		AC317AD12312E16300EB5092 /* InstagramCHT-Bridging-Header.h */ = {isa = PBXFileReference; lastKnownFileType = sourcecode.c.h; path = "InstagramCHT-Bridging-Header.h"; sourceTree = "<group>"; };
		AC317AD22312E16A00EB5092 /* ProgressHUD.m */ = {isa = PBXFileReference; fileEncoding = 4; lastKnownFileType = sourcecode.c.objc; path = ProgressHUD.m; sourceTree = "<group>"; };
		AC317AD32312E16B00EB5092 /* ProgressHUD.h */ = {isa = PBXFileReference; fileEncoding = 4; lastKnownFileType = sourcecode.c.h; path = ProgressHUD.h; sourceTree = "<group>"; };
		AC317AD42312E16B00EB5092 /* ProgressHUD.bundle */ = {isa = PBXFileReference; lastKnownFileType = "wrapper.plug-in"; path = ProgressHUD.bundle; sourceTree = "<group>"; };
		AC719D98230FC54E00FCB0DE /* SingleUpViewController.swift */ = {isa = PBXFileReference; fileEncoding = 4; lastKnownFileType = sourcecode.swift; path = SingleUpViewController.swift; sourceTree = "<group>"; };
		AC719D9C230FE56D00FCB0DE /* HomeViewController.swift */ = {isa = PBXFileReference; fileEncoding = 4; lastKnownFileType = sourcecode.swift; path = HomeViewController.swift; sourceTree = "<group>"; };
		AC719D9E230FE5F300FCB0DE /* DiscoverViewController.swift */ = {isa = PBXFileReference; fileEncoding = 4; lastKnownFileType = sourcecode.swift; path = DiscoverViewController.swift; sourceTree = "<group>"; };
		AC719DA0230FE62B00FCB0DE /* CameraViewController.swift */ = {isa = PBXFileReference; fileEncoding = 4; lastKnownFileType = sourcecode.swift; path = CameraViewController.swift; sourceTree = "<group>"; };
		AC719DA2230FE66800FCB0DE /* ActivityViewController.swift */ = {isa = PBXFileReference; fileEncoding = 4; lastKnownFileType = sourcecode.swift; path = ActivityViewController.swift; sourceTree = "<group>"; };
		AC719DA4230FE6AC00FCB0DE /* ProfileViewController.swift */ = {isa = PBXFileReference; fileEncoding = 4; lastKnownFileType = sourcecode.swift; path = ProfileViewController.swift; sourceTree = "<group>"; };
		AC719DA6230FF88F00FCB0DE /* Main.storyboard */ = {isa = PBXFileReference; fileEncoding = 4; lastKnownFileType = file.storyboard; path = Main.storyboard; sourceTree = "<group>"; };
		AC719DAA2310032400FCB0DE /* Home.storyboard */ = {isa = PBXFileReference; fileEncoding = 4; lastKnownFileType = file.storyboard; path = Home.storyboard; sourceTree = "<group>"; };
		AC719DB423102AED00FCB0DE /* GoogleService-Info.plist */ = {isa = PBXFileReference; fileEncoding = 4; lastKnownFileType = text.plist.xml; path = "GoogleService-Info.plist"; sourceTree = "<group>"; };
		AC98185E23152C4D000A9EFC /* Post.swift */ = {isa = PBXFileReference; lastKnownFileType = sourcecode.swift; path = Post.swift; sourceTree = "<group>"; };
		ACD2BCBB230F200B000B2F39 /* InstagramCHT.app */ = {isa = PBXFileReference; explicitFileType = wrapper.application; includeInIndex = 0; path = InstagramCHT.app; sourceTree = BUILT_PRODUCTS_DIR; };
		ACD2BCBE230F200B000B2F39 /* AppDelegate.swift */ = {isa = PBXFileReference; lastKnownFileType = sourcecode.swift; path = AppDelegate.swift; sourceTree = "<group>"; };
		ACD2BCC5230F200B000B2F39 /* Assets.xcassets */ = {isa = PBXFileReference; lastKnownFileType = folder.assetcatalog; path = Assets.xcassets; sourceTree = "<group>"; };
		ACD2BCC8230F200B000B2F39 /* Base */ = {isa = PBXFileReference; lastKnownFileType = file.storyboard; name = Base; path = Base.lproj/LaunchScreen.storyboard; sourceTree = "<group>"; };
		ACD2BCCA230F200B000B2F39 /* Info.plist */ = {isa = PBXFileReference; lastKnownFileType = text.plist.xml; path = Info.plist; sourceTree = "<group>"; };
		ACD2BCD8230F27B3000B2F39 /* Start.storyboard */ = {isa = PBXFileReference; fileEncoding = 4; lastKnownFileType = file.storyboard; path = Start.storyboard; sourceTree = "<group>"; };
		ACD2BCDA230F3615000B2F39 /* SingleViewController.swift */ = {isa = PBXFileReference; fileEncoding = 4; lastKnownFileType = sourcecode.swift; path = SingleViewController.swift; sourceTree = "<group>"; };
		C2E18859327A12C87DF53733 /* Pods-InstagramCHT.release.xcconfig */ = {isa = PBXFileReference; includeInIndex = 1; lastKnownFileType = text.xcconfig; name = "Pods-InstagramCHT.release.xcconfig"; path = "Target Support Files/Pods-InstagramCHT/Pods-InstagramCHT.release.xcconfig"; sourceTree = "<group>"; };
		F148C83D842063AA36856872 /* Pods-InstagramCHT.debug.xcconfig */ = {isa = PBXFileReference; includeInIndex = 1; lastKnownFileType = text.xcconfig; name = "Pods-InstagramCHT.debug.xcconfig"; path = "Target Support Files/Pods-InstagramCHT/Pods-InstagramCHT.debug.xcconfig"; sourceTree = "<group>"; };
/* End PBXFileReference section */

/* Begin PBXFrameworksBuildPhase section */
		ACD2BCB8230F200A000B2F39 /* Frameworks */ = {
			isa = PBXFrameworksBuildPhase;
			buildActionMask = 2147483647;
			files = (
				A0D557967D4BA7D556AA8A64 /* Pods_InstagramCHT.framework in Frameworks */,
			);
			runOnlyForDeploymentPostprocessing = 0;
		};
/* End PBXFrameworksBuildPhase section */

/* Begin PBXGroup section */
		42E1F4A55B1980FB9A4E8C82 /* Frameworks */ = {
			isa = PBXGroup;
			children = (
				8BEE03A46B5BE08F7A9F6BA4 /* Pods_InstagramCHT.framework */,
			);
			name = Frameworks;
			sourceTree = "<group>";
		};
		AC719DB22310136600FCB0DE /* Storyboards */ = {
			isa = PBXGroup;
			children = (
				AC719DA6230FF88F00FCB0DE /* Main.storyboard */,
				ACD2BCD8230F27B3000B2F39 /* Start.storyboard */,
				AC719DAA2310032400FCB0DE /* Home.storyboard */,
			);
			name = Storyboards;
			sourceTree = "<group>";
		};
		AC719DB32310138C00FCB0DE /* ViewControllers */ = {
			isa = PBXGroup;
			children = (
				AC719DA4230FE6AC00FCB0DE /* ProfileViewController.swift */,
				AC719DA2230FE66800FCB0DE /* ActivityViewController.swift */,
				AC719DA0230FE62B00FCB0DE /* CameraViewController.swift */,
				ACD2BCDA230F3615000B2F39 /* SingleViewController.swift */,
				AC719D98230FC54E00FCB0DE /* SingleUpViewController.swift */,
				AC719D9C230FE56D00FCB0DE /* HomeViewController.swift */,
				AC719D9E230FE5F300FCB0DE /* DiscoverViewController.swift */,
			);
			name = ViewControllers;
			sourceTree = "<group>";
		};
		AC98185D23152BED000A9EFC /* Module */ = {
			isa = PBXGroup;
			children = (
				AC98185E23152C4D000A9EFC /* Post.swift */,
			);
			name = Module;
			sourceTree = "<group>";
		};
		ACD2BCB2230F2009000B2F39 = {
			isa = PBXGroup;
			children = (
				ACD2BCBD230F200B000B2F39 /* InstagramCHT */,
				AC317AD42312E16B00EB5092 /* ProgressHUD.bundle */,
				AC317AD32312E16B00EB5092 /* ProgressHUD.h */,
				AC317AD22312E16A00EB5092 /* ProgressHUD.m */,
				ACD2BCBC230F200B000B2F39 /* Products */,
				B27D7B2CBF3A8DB0DB686D67 /* Pods */,
				42E1F4A55B1980FB9A4E8C82 /* Frameworks */,
				AC317AD12312E16300EB5092 /* InstagramCHT-Bridging-Header.h */,
			);
			sourceTree = "<group>";
		};
		ACD2BCBC230F200B000B2F39 /* Products */ = {
			isa = PBXGroup;
			children = (
				ACD2BCBB230F200B000B2F39 /* InstagramCHT.app */,
			);
			name = Products;
			sourceTree = "<group>";
		};
		ACD2BCBD230F200B000B2F39 /* InstagramCHT */ = {
			isa = PBXGroup;
			children = (
				ACD2BCBE230F200B000B2F39 /* AppDelegate.swift */,
				AC317ACD2312BE2800EB5092 /* AuthService.swift */,
				AC317ACF2312D9F700EB5092 /* Config.swift */,
				AC98185D23152BED000A9EFC /* Module */,
				AC719DB32310138C00FCB0DE /* ViewControllers */,
				AC719DB22310136600FCB0DE /* Storyboards */,
				ACD2BCC5230F200B000B2F39 /* Assets.xcassets */,
				ACD2BCC7230F200B000B2F39 /* LaunchScreen.storyboard */,
				AC719DB423102AED00FCB0DE /* GoogleService-Info.plist */,
				ACD2BCCA230F200B000B2F39 /* Info.plist */,
			);
			path = InstagramCHT;
			sourceTree = "<group>";
		};
		B27D7B2CBF3A8DB0DB686D67 /* Pods */ = {
			isa = PBXGroup;
			children = (
				F148C83D842063AA36856872 /* Pods-InstagramCHT.debug.xcconfig */,
				C2E18859327A12C87DF53733 /* Pods-InstagramCHT.release.xcconfig */,
			);
			path = Pods;
			sourceTree = "<group>";
		};
/* End PBXGroup section */

/* Begin PBXNativeTarget section */
		ACD2BCBA230F200A000B2F39 /* InstagramCHT */ = {
			isa = PBXNativeTarget;
			buildConfigurationList = ACD2BCCD230F200B000B2F39 /* Build configuration list for PBXNativeTarget "InstagramCHT" */;
			buildPhases = (
				30438CDDABB875B6AD7D2167 /* [CP] Check Pods Manifest.lock */,
				ACD2BCB7230F200A000B2F39 /* Sources */,
				ACD2BCB8230F200A000B2F39 /* Frameworks */,
				ACD2BCB9230F200A000B2F39 /* Resources */,
				42F5105F0D1E1EF6E50C320D /* [CP] Embed Pods Frameworks */,
			);
			buildRules = (
			);
			dependencies = (
			);
			name = InstagramCHT;
			productName = InstagramCHT;
			productReference = ACD2BCBB230F200B000B2F39 /* InstagramCHT.app */;
			productType = "com.apple.product-type.application";
		};
/* End PBXNativeTarget section */

/* Begin PBXProject section */
		ACD2BCB3230F2009000B2F39 /* Project object */ = {
			isa = PBXProject;
			attributes = {
				LastSwiftUpdateCheck = 0830;
				LastUpgradeCheck = 0830;
				ORGANIZATIONNAME = DanKravchook;
				TargetAttributes = {
					ACD2BCBA230F200A000B2F39 = {
						CreatedOnToolsVersion = 8.3.3;
						DevelopmentTeam = 5TV335X6U8;
						LastSwiftMigration = 1010;
						ProvisioningStyle = Automatic;
					};
				};
			};
			buildConfigurationList = ACD2BCB6230F2009000B2F39 /* Build configuration list for PBXProject "InstagramCHT" */;
			compatibilityVersion = "Xcode 3.2";
			developmentRegion = English;
			hasScannedForEncodings = 0;
			knownRegions = (
				en,
				Base,
			);
			mainGroup = ACD2BCB2230F2009000B2F39;
			productRefGroup = ACD2BCBC230F200B000B2F39 /* Products */;
			projectDirPath = "";
			projectRoot = "";
			targets = (
				ACD2BCBA230F200A000B2F39 /* InstagramCHT */,
			);
		};
/* End PBXProject section */

/* Begin PBXResourcesBuildPhase section */
		ACD2BCB9230F200A000B2F39 /* Resources */ = {
			isa = PBXResourcesBuildPhase;
			buildActionMask = 2147483647;
			files = (
				ACD2BCD9230F27B3000B2F39 /* Start.storyboard in Resources */,
				AC719DAB2310032400FCB0DE /* Home.storyboard in Resources */,
				AC317AD62312E16E00EB5092 /* ProgressHUD.bundle in Resources */,
				ACD2BCC9230F200B000B2F39 /* LaunchScreen.storyboard in Resources */,
				ACD2BCC6230F200B000B2F39 /* Assets.xcassets in Resources */,
				AC719DA7230FF88F00FCB0DE /* Main.storyboard in Resources */,
				AC719DB523102AED00FCB0DE /* GoogleService-Info.plist in Resources */,
			);
			runOnlyForDeploymentPostprocessing = 0;
		};
/* End PBXResourcesBuildPhase section */

/* Begin PBXShellScriptBuildPhase section */
		30438CDDABB875B6AD7D2167 /* [CP] Check Pods Manifest.lock */ = {
			isa = PBXShellScriptBuildPhase;
			buildActionMask = 2147483647;
			files = (
			);
			inputFileListPaths = (
			);
			inputPaths = (
				"${PODS_PODFILE_DIR_PATH}/Podfile.lock",
				"${PODS_ROOT}/Manifest.lock",
			);
			name = "[CP] Check Pods Manifest.lock";
			outputFileListPaths = (
			);
			outputPaths = (
				"$(DERIVED_FILE_DIR)/Pods-InstagramCHT-checkManifestLockResult.txt",
			);
			runOnlyForDeploymentPostprocessing = 0;
			shellPath = /bin/sh;
			shellScript = "diff \"${PODS_PODFILE_DIR_PATH}/Podfile.lock\" \"${PODS_ROOT}/Manifest.lock\" > /dev/null\nif [ $? != 0 ] ; then\n    # print error to STDERR\n    echo \"error: The sandbox is not in sync with the Podfile.lock. Run 'pod install' or update your CocoaPods installation.\" >&2\n    exit 1\nfi\n# This output is used by Xcode 'outputs' to avoid re-running this script phase.\necho \"SUCCESS\" > \"${SCRIPT_OUTPUT_FILE_0}\"\n";
			showEnvVarsInLog = 0;
		};
		42F5105F0D1E1EF6E50C320D /* [CP] Embed Pods Frameworks */ = {
			isa = PBXShellScriptBuildPhase;
			buildActionMask = 2147483647;
			files = (
			);
			inputPaths = (
				"${PODS_ROOT}/Target Support Files/Pods-InstagramCHT/Pods-InstagramCHT-frameworks.sh",
				"${BUILT_PRODUCTS_DIR}/GTMSessionFetcher/GTMSessionFetcher.framework",
				"${BUILT_PRODUCTS_DIR}/GoogleUtilities/GoogleUtilities.framework",
				"${BUILT_PRODUCTS_DIR}/leveldb-library/leveldb.framework",
				"${BUILT_PRODUCTS_DIR}/nanopb/nanopb.framework",
			);
			name = "[CP] Embed Pods Frameworks";
			outputPaths = (
				"${TARGET_BUILD_DIR}/${FRAMEWORKS_FOLDER_PATH}/GTMSessionFetcher.framework",
				"${TARGET_BUILD_DIR}/${FRAMEWORKS_FOLDER_PATH}/GoogleUtilities.framework",
				"${TARGET_BUILD_DIR}/${FRAMEWORKS_FOLDER_PATH}/leveldb.framework",
				"${TARGET_BUILD_DIR}/${FRAMEWORKS_FOLDER_PATH}/nanopb.framework",
			);
			runOnlyForDeploymentPostprocessing = 0;
			shellPath = /bin/sh;
			shellScript = "\"${PODS_ROOT}/Target Support Files/Pods-InstagramCHT/Pods-InstagramCHT-frameworks.sh\"\n";
			showEnvVarsInLog = 0;
		};
/* End PBXShellScriptBuildPhase section */

/* Begin PBXSourcesBuildPhase section */
		ACD2BCB7230F200A000B2F39 /* Sources */ = {
			isa = PBXSourcesBuildPhase;
			buildActionMask = 2147483647;
			files = (
				ACD2BCDB230F3615000B2F39 /* SingleViewController.swift in Sources */,
				AC719D99230FC54E00FCB0DE /* SingleUpViewController.swift in Sources */,
				ACD2BCBF230F200B000B2F39 /* AppDelegate.swift in Sources */,
				AC98185F23152C4D000A9EFC /* Post.swift in Sources */,
				AC317ACE2312BE2800EB5092 /* AuthService.swift in Sources */,
				AC719D9D230FE56E00FCB0DE /* HomeViewController.swift in Sources */,
				AC719DA3230FE66800FCB0DE /* ActivityViewController.swift in Sources */,
				AC317AD52312E16E00EB5092 /* ProgressHUD.m in Sources */,
				AC719D9F230FE5F300FCB0DE /* DiscoverViewController.swift in Sources */,
				AC317AD02312D9F700EB5092 /* Config.swift in Sources */,
				AC719DA5230FE6AC00FCB0DE /* ProfileViewController.swift in Sources */,
				AC719DA1230FE62B00FCB0DE /* CameraViewController.swift in Sources */,
			);
			runOnlyForDeploymentPostprocessing = 0;
		};
/* End PBXSourcesBuildPhase section */

/* Begin PBXVariantGroup section */
		ACD2BCC7230F200B000B2F39 /* LaunchScreen.storyboard */ = {
			isa = PBXVariantGroup;
			children = (
				ACD2BCC8230F200B000B2F39 /* Base */,
			);
			name = LaunchScreen.storyboard;
			sourceTree = "<group>";
		};
/* End PBXVariantGroup section */

/* Begin XCBuildConfiguration section */
		ACD2BCCB230F200B000B2F39 /* Debug */ = {
			isa = XCBuildConfiguration;
			buildSettings = {
				ALWAYS_SEARCH_USER_PATHS = NO;
				CLANG_ANALYZER_NONNULL = YES;
				CLANG_ANALYZER_NUMBER_OBJECT_CONVERSION = YES_AGGRESSIVE;
				CLANG_CXX_LANGUAGE_STANDARD = "gnu++0x";
				CLANG_CXX_LIBRARY = "libc++";
				CLANG_ENABLE_MODULES = YES;
				CLANG_ENABLE_OBJC_ARC = YES;
				CLANG_WARN_BOOL_CONVERSION = YES;
				CLANG_WARN_CONSTANT_CONVERSION = YES;
				CLANG_WARN_DIRECT_OBJC_ISA_USAGE = YES_ERROR;
				CLANG_WARN_DOCUMENTATION_COMMENTS = YES;
				CLANG_WARN_EMPTY_BODY = YES;
				CLANG_WARN_ENUM_CONVERSION = YES;
				CLANG_WARN_INFINITE_RECURSION = YES;
				CLANG_WARN_INT_CONVERSION = YES;
				CLANG_WARN_OBJC_ROOT_CLASS = YES_ERROR;
				CLANG_WARN_SUSPICIOUS_MOVE = YES;
				CLANG_WARN_UNREACHABLE_CODE = YES;
				CLANG_WARN__DUPLICATE_METHOD_MATCH = YES;
				"CODE_SIGN_IDENTITY[sdk=iphoneos*]" = "iPhone Developer";
				COPY_PHASE_STRIP = NO;
				DEBUG_INFORMATION_FORMAT = dwarf;
				ENABLE_STRICT_OBJC_MSGSEND = YES;
				ENABLE_TESTABILITY = YES;
				GCC_C_LANGUAGE_STANDARD = gnu99;
				GCC_DYNAMIC_NO_PIC = NO;
				GCC_NO_COMMON_BLOCKS = YES;
				GCC_OPTIMIZATION_LEVEL = 0;
				GCC_PREPROCESSOR_DEFINITIONS = (
					"DEBUG=1",
					"$(inherited)",
				);
				GCC_WARN_64_TO_32_BIT_CONVERSION = YES;
				GCC_WARN_ABOUT_RETURN_TYPE = YES_ERROR;
				GCC_WARN_UNDECLARED_SELECTOR = YES;
				GCC_WARN_UNINITIALIZED_AUTOS = YES_AGGRESSIVE;
				GCC_WARN_UNUSED_FUNCTION = YES;
				GCC_WARN_UNUSED_VARIABLE = YES;
				IPHONEOS_DEPLOYMENT_TARGET = 10.3;
				MTL_ENABLE_DEBUG_INFO = YES;
				ONLY_ACTIVE_ARCH = YES;
				SDKROOT = iphoneos;
				SWIFT_ACTIVE_COMPILATION_CONDITIONS = DEBUG;
				SWIFT_OPTIMIZATION_LEVEL = "-Onone";
			};
			name = Debug;
		};
		ACD2BCCC230F200B000B2F39 /* Release */ = {
			isa = XCBuildConfiguration;
			buildSettings = {
				ALWAYS_SEARCH_USER_PATHS = NO;
				CLANG_ANALYZER_NONNULL = YES;
				CLANG_ANALYZER_NUMBER_OBJECT_CONVERSION = YES_AGGRESSIVE;
				CLANG_CXX_LANGUAGE_STANDARD = "gnu++0x";
				CLANG_CXX_LIBRARY = "libc++";
				CLANG_ENABLE_MODULES = YES;
				CLANG_ENABLE_OBJC_ARC = YES;
				CLANG_WARN_BOOL_CONVERSION = YES;
				CLANG_WARN_CONSTANT_CONVERSION = YES;
				CLANG_WARN_DIRECT_OBJC_ISA_USAGE = YES_ERROR;
				CLANG_WARN_DOCUMENTATION_COMMENTS = YES;
				CLANG_WARN_EMPTY_BODY = YES;
				CLANG_WARN_ENUM_CONVERSION = YES;
				CLANG_WARN_INFINITE_RECURSION = YES;
				CLANG_WARN_INT_CONVERSION = YES;
				CLANG_WARN_OBJC_ROOT_CLASS = YES_ERROR;
				CLANG_WARN_SUSPICIOUS_MOVE = YES;
				CLANG_WARN_UNREACHABLE_CODE = YES;
				CLANG_WARN__DUPLICATE_METHOD_MATCH = YES;
				"CODE_SIGN_IDENTITY[sdk=iphoneos*]" = "iPhone Developer";
				COPY_PHASE_STRIP = NO;
				DEBUG_INFORMATION_FORMAT = "dwarf-with-dsym";
				ENABLE_NS_ASSERTIONS = NO;
				ENABLE_STRICT_OBJC_MSGSEND = YES;
				GCC_C_LANGUAGE_STANDARD = gnu99;
				GCC_NO_COMMON_BLOCKS = YES;
				GCC_WARN_64_TO_32_BIT_CONVERSION = YES;
				GCC_WARN_ABOUT_RETURN_TYPE = YES_ERROR;
				GCC_WARN_UNDECLARED_SELECTOR = YES;
				GCC_WARN_UNINITIALIZED_AUTOS = YES_AGGRESSIVE;
				GCC_WARN_UNUSED_FUNCTION = YES;
				GCC_WARN_UNUSED_VARIABLE = YES;
				IPHONEOS_DEPLOYMENT_TARGET = 10.3;
				MTL_ENABLE_DEBUG_INFO = NO;
				SDKROOT = iphoneos;
				SWIFT_OPTIMIZATION_LEVEL = "-Owholemodule";
				VALIDATE_PRODUCT = YES;
			};
			name = Release;
		};
		ACD2BCCE230F200B000B2F39 /* Debug */ = {
			isa = XCBuildConfiguration;
			baseConfigurationReference = F148C83D842063AA36856872 /* Pods-InstagramCHT.debug.xcconfig */;
			buildSettings = {
				ASSETCATALOG_COMPILER_APPICON_NAME = AppIcon;
				CLANG_ENABLE_MODULES = YES;
				DEVELOPMENT_TEAM = 5TV335X6U8;
				INFOPLIST_FILE = InstagramCHT/Info.plist;
				LD_RUNPATH_SEARCH_PATHS = "$(inherited) @executable_path/Frameworks";
				PRODUCT_BUNDLE_IDENTIFIER = com.testcht.InstagramCHT;
				PRODUCT_NAME = "$(TARGET_NAME)";
				SWIFT_OBJC_BRIDGING_HEADER = "InstagramCHT-Bridging-Header.h";
				SWIFT_OPTIMIZATION_LEVEL = "-Onone";
				SWIFT_VERSION = 3.0;
			};
			name = Debug;
		};
		ACD2BCCF230F200B000B2F39 /* Release */ = {
			isa = XCBuildConfiguration;
			baseConfigurationReference = C2E18859327A12C87DF53733 /* Pods-InstagramCHT.release.xcconfig */;
			buildSettings = {
				ASSETCATALOG_COMPILER_APPICON_NAME = AppIcon;
				CLANG_ENABLE_MODULES = YES;
				DEVELOPMENT_TEAM = 5TV335X6U8;
				INFOPLIST_FILE = InstagramCHT/Info.plist;
				LD_RUNPATH_SEARCH_PATHS = "$(inherited) @executable_path/Frameworks";
				PRODUCT_BUNDLE_IDENTIFIER = com.testcht.InstagramCHT;
				PRODUCT_NAME = "$(TARGET_NAME)";
				SWIFT_OBJC_BRIDGING_HEADER = "InstagramCHT-Bridging-Header.h";
				SWIFT_VERSION = 3.0;
			};
			name = Release;
		};
/* End XCBuildConfiguration section */

/* Begin XCConfigurationList section */
		ACD2BCB6230F2009000B2F39 /* Build configuration list for PBXProject "InstagramCHT" */ = {
			isa = XCConfigurationList;
			buildConfigurations = (
				ACD2BCCB230F200B000B2F39 /* Debug */,
				ACD2BCCC230F200B000B2F39 /* Release */,
			);
			defaultConfigurationIsVisible = 0;
			defaultConfigurationName = Release;
		};
		ACD2BCCD230F200B000B2F39 /* Build configuration list for PBXNativeTarget "InstagramCHT" */ = {
			isa = XCConfigurationList;
			buildConfigurations = (
				ACD2BCCE230F200B000B2F39 /* Debug */,
				ACD2BCCF230F200B000B2F39 /* Release */,
			);
			defaultConfigurationIsVisible = 0;
			defaultConfigurationName = Release;
		};
/* End XCConfigurationList section */
	};
	rootObject = ACD2BCB3230F2009000B2F39 /* Project object */;
}
